// !$*UTF8*$!
{
	archiveVersion = 1;
	classes = {
	};
	objectVersion = 46;
	objects = {

/* Begin PBXBuildFile section */
		9CEAAB6E1CADCAFF00928779 /* AppDelegate.swift in Sources */ = {isa = PBXBuildFile; fileRef = 9CEAAB6D1CADCAFF00928779 /* AppDelegate.swift */; };
		9CEAAB701CADCAFF00928779 /* ViewController.swift in Sources */ = {isa = PBXBuildFile; fileRef = 9CEAAB6F1CADCAFF00928779 /* ViewController.swift */; };
		9CEAAB731CADCAFF00928779 /* Main.storyboard in Resources */ = {isa = PBXBuildFile; fileRef = 9CEAAB711CADCAFF00928779 /* Main.storyboard */; };
		9CEAAB751CADCAFF00928779 /* Assets.xcassets in Resources */ = {isa = PBXBuildFile; fileRef = 9CEAAB741CADCAFF00928779 /* Assets.xcassets */; };
		9CEAAB781CADCAFF00928779 /* LaunchScreen.storyboard in Resources */ = {isa = PBXBuildFile; fileRef = 9CEAAB761CADCAFF00928779 /* LaunchScreen.storyboard */; };
		9CEAAB831CADCAFF00928779 /* MemeMeTempTests.swift in Sources */ = {isa = PBXBuildFile; fileRef = 9CEAAB821CADCAFF00928779 /* MemeMeTempTests.swift */; };
		9CEAAB8E1CADCAFF00928779 /* MemeMeTempUITests.swift in Sources */ = {isa = PBXBuildFile; fileRef = 9CEAAB8D1CADCAFF00928779 /* MemeMeTempUITests.swift */; };
/* End PBXBuildFile section */

/* Begin PBXContainerItemProxy section */
		9CEAAB7F1CADCAFF00928779 /* PBXContainerItemProxy */ = {
			isa = PBXContainerItemProxy;
			containerPortal = 9CEAAB621CADCAFF00928779 /* Project object */;
			proxyType = 1;
			remoteGlobalIDString = 9CEAAB691CADCAFF00928779;
			remoteInfo = MemeMeTemp;
		};
		9CEAAB8A1CADCAFF00928779 /* PBXContainerItemProxy */ = {
			isa = PBXContainerItemProxy;
			containerPortal = 9CEAAB621CADCAFF00928779 /* Project object */;
			proxyType = 1;
			remoteGlobalIDString = 9CEAAB691CADCAFF00928779;
			remoteInfo = MemeMeTemp;
		};
/* End PBXContainerItemProxy section */

/* Begin PBXFileReference section */
		9CEAAB6A1CADCAFF00928779 /* MemeMeTemp.app */ = {isa = PBXFileReference; explicitFileType = wrapper.application; includeInIndex = 0; path = MemeMeTemp.app; sourceTree = BUILT_PRODUCTS_DIR; };
		9CEAAB6D1CADCAFF00928779 /* AppDelegate.swift */ = {isa = PBXFileReference; lastKnownFileType = sourcecode.swift; path = AppDelegate.swift; sourceTree = "<group>"; };
		9CEAAB6F1CADCAFF00928779 /* ViewController.swift */ = {isa = PBXFileReference; lastKnownFileType = sourcecode.swift; path = ViewController.swift; sourceTree = "<group>"; };
		9CEAAB721CADCAFF00928779 /* Base */ = {isa = PBXFileReference; lastKnownFileType = file.storyboard; name = Base; path = Base.lproj/Main.storyboard; sourceTree = "<group>"; };
		9CEAAB741CADCAFF00928779 /* Assets.xcassets */ = {isa = PBXFileReference; lastKnownFileType = folder.assetcatalog; path = Assets.xcassets; sourceTree = "<group>"; };
		9CEAAB771CADCAFF00928779 /* Base */ = {isa = PBXFileReference; lastKnownFileType = file.storyboard; name = Base; path = Base.lproj/LaunchScreen.storyboard; sourceTree = "<group>"; };
		9CEAAB791CADCAFF00928779 /* Info.plist */ = {isa = PBXFileReference; lastKnownFileType = text.plist.xml; path = Info.plist; sourceTree = "<group>"; };
		9CEAAB7E1CADCAFF00928779 /* MemeMeTempTests.xctest */ = {isa = PBXFileReference; explicitFileType = wrapper.cfbundle; includeInIndex = 0; path = MemeMeTempTests.xctest; sourceTree = BUILT_PRODUCTS_DIR; };
		9CEAAB821CADCAFF00928779 /* MemeMeTempTests.swift */ = {isa = PBXFileReference; lastKnownFileType = sourcecode.swift; path = MemeMeTempTests.swift; sourceTree = "<group>"; };
		9CEAAB841CADCAFF00928779 /* Info.plist */ = {isa = PBXFileReference; lastKnownFileType = text.plist.xml; path = Info.plist; sourceTree = "<group>"; };
		9CEAAB891CADCAFF00928779 /* MemeMeTempUITests.xctest */ = {isa = PBXFileReference; explicitFileType = wrapper.cfbundle; includeInIndex = 0; path = MemeMeTempUITests.xctest; sourceTree = BUILT_PRODUCTS_DIR; };
		9CEAAB8D1CADCAFF00928779 /* MemeMeTempUITests.swift */ = {isa = PBXFileReference; lastKnownFileType = sourcecode.swift; path = MemeMeTempUITests.swift; sourceTree = "<group>"; };
		9CEAAB8F1CADCAFF00928779 /* Info.plist */ = {isa = PBXFileReference; lastKnownFileType = text.plist.xml; path = Info.plist; sourceTree = "<group>"; };
/* End PBXFileReference section */

/* Begin PBXFrameworksBuildPhase section */
		9CEAAB671CADCAFF00928779 /* Frameworks */ = {
			isa = PBXFrameworksBuildPhase;
			buildActionMask = 2147483647;
			files = (
			);
			runOnlyForDeploymentPostprocessing = 0;
		};
		9CEAAB7B1CADCAFF00928779 /* Frameworks */ = {
			isa = PBXFrameworksBuildPhase;
			buildActionMask = 2147483647;
			files = (
			);
			runOnlyForDeploymentPostprocessing = 0;
		};
		9CEAAB861CADCAFF00928779 /* Frameworks */ = {
			isa = PBXFrameworksBuildPhase;
			buildActionMask = 2147483647;
			files = (
			);
			runOnlyForDeploymentPostprocessing = 0;
		};
/* End PBXFrameworksBuildPhase section */

/* Begin PBXGroup section */
		9CEAAB611CADCAFF00928779 = {
			isa = PBXGroup;
			children = (
				9CEAAB6C1CADCAFF00928779 /* MemeMeTemp */,
				9CEAAB811CADCAFF00928779 /* MemeMeTempTests */,
				9CEAAB8C1CADCAFF00928779 /* MemeMeTempUITests */,
				9CEAAB6B1CADCAFF00928779 /* Products */,
			);
			sourceTree = "<group>";
		};
		9CEAAB6B1CADCAFF00928779 /* Products */ = {
			isa = PBXGroup;
			children = (
				9CEAAB6A1CADCAFF00928779 /* MemeMeTemp.app */,
				9CEAAB7E1CADCAFF00928779 /* MemeMeTempTests.xctest */,
				9CEAAB891CADCAFF00928779 /* MemeMeTempUITests.xctest */,
			);
			name = Products;
			sourceTree = "<group>";
		};
		9CEAAB6C1CADCAFF00928779 /* MemeMeTemp */ = {
			isa = PBXGroup;
			children = (
				9CEAAB6D1CADCAFF00928779 /* AppDelegate.swift */,
				9CEAAB6F1CADCAFF00928779 /* ViewController.swift */,
				9CEAAB711CADCAFF00928779 /* Main.storyboard */,
				9CEAAB741CADCAFF00928779 /* Assets.xcassets */,
				9CEAAB761CADCAFF00928779 /* LaunchScreen.storyboard */,
				9CEAAB791CADCAFF00928779 /* Info.plist */,
			);
			path = MemeMeTemp;
			sourceTree = "<group>";
		};
		9CEAAB811CADCAFF00928779 /* MemeMeTempTests */ = {
			isa = PBXGroup;
			children = (
				9CEAAB821CADCAFF00928779 /* MemeMeTempTests.swift */,
				9CEAAB841CADCAFF00928779 /* Info.plist */,
			);
			path = MemeMeTempTests;
			sourceTree = "<group>";
		};
		9CEAAB8C1CADCAFF00928779 /* MemeMeTempUITests */ = {
			isa = PBXGroup;
			children = (
				9CEAAB8D1CADCAFF00928779 /* MemeMeTempUITests.swift */,
				9CEAAB8F1CADCAFF00928779 /* Info.plist */,
			);
			path = MemeMeTempUITests;
			sourceTree = "<group>";
		};
/* End PBXGroup section */

/* Begin PBXNativeTarget section */
		9CEAAB691CADCAFF00928779 /* MemeMeTemp */ = {
			isa = PBXNativeTarget;
			buildConfigurationList = 9CEAAB921CADCAFF00928779 /* Build configuration list for PBXNativeTarget "MemeMeTemp" */;
			buildPhases = (
				9CEAAB661CADCAFF00928779 /* Sources */,
				9CEAAB671CADCAFF00928779 /* Frameworks */,
				9CEAAB681CADCAFF00928779 /* Resources */,
			);
			buildRules = (
			);
			dependencies = (
			);
			name = MemeMeTemp;
			productName = MemeMeTemp;
			productReference = 9CEAAB6A1CADCAFF00928779 /* MemeMeTemp.app */;
			productType = "com.apple.product-type.application";
		};
		9CEAAB7D1CADCAFF00928779 /* MemeMeTempTests */ = {
			isa = PBXNativeTarget;
			buildConfigurationList = 9CEAAB951CADCAFF00928779 /* Build configuration list for PBXNativeTarget "MemeMeTempTests" */;
			buildPhases = (
				9CEAAB7A1CADCAFF00928779 /* Sources */,
				9CEAAB7B1CADCAFF00928779 /* Frameworks */,
				9CEAAB7C1CADCAFF00928779 /* Resources */,
			);
			buildRules = (
			);
			dependencies = (
				9CEAAB801CADCAFF00928779 /* PBXTargetDependency */,
			);
			name = MemeMeTempTests;
			productName = MemeMeTempTests;
			productReference = 9CEAAB7E1CADCAFF00928779 /* MemeMeTempTests.xctest */;
			productType = "com.apple.product-type.bundle.unit-test";
		};
		9CEAAB881CADCAFF00928779 /* MemeMeTempUITests */ = {
			isa = PBXNativeTarget;
			buildConfigurationList = 9CEAAB981CADCAFF00928779 /* Build configuration list for PBXNativeTarget "MemeMeTempUITests" */;
			buildPhases = (
				9CEAAB851CADCAFF00928779 /* Sources */,
				9CEAAB861CADCAFF00928779 /* Frameworks */,
				9CEAAB871CADCAFF00928779 /* Resources */,
			);
			buildRules = (
			);
			dependencies = (
				9CEAAB8B1CADCAFF00928779 /* PBXTargetDependency */,
			);
			name = MemeMeTempUITests;
			productName = MemeMeTempUITests;
			productReference = 9CEAAB891CADCAFF00928779 /* MemeMeTempUITests.xctest */;
			productType = "com.apple.product-type.bundle.ui-testing";
		};
/* End PBXNativeTarget section */

/* Begin PBXProject section */
		9CEAAB621CADCAFF00928779 /* Project object */ = {
			isa = PBXProject;
			attributes = {
				LastSwiftUpdateCheck = 0720;
				LastUpgradeCheck = 0720;
				ORGANIZATIONNAME = "Bella Voce Productions";
				TargetAttributes = {
					9CEAAB691CADCAFF00928779 = {
						CreatedOnToolsVersion = 7.2.1;
					};
					9CEAAB7D1CADCAFF00928779 = {
						CreatedOnToolsVersion = 7.2.1;
						TestTargetID = 9CEAAB691CADCAFF00928779;
					};
					9CEAAB881CADCAFF00928779 = {
						CreatedOnToolsVersion = 7.2.1;
						TestTargetID = 9CEAAB691CADCAFF00928779;
					};
				};
			};
			buildConfigurationList = 9CEAAB651CADCAFF00928779 /* Build configuration list for PBXProject "MemeMeTemp" */;
			compatibilityVersion = "Xcode 3.2";
			developmentRegion = English;
			hasScannedForEncodings = 0;
			knownRegions = (
				en,
				Base,
			);
			mainGroup = 9CEAAB611CADCAFF00928779;
			productRefGroup = 9CEAAB6B1CADCAFF00928779 /* Products */;
			projectDirPath = "";
			projectRoot = "";
			targets = (
				9CEAAB691CADCAFF00928779 /* MemeMeTemp */,
				9CEAAB7D1CADCAFF00928779 /* MemeMeTempTests */,
				9CEAAB881CADCAFF00928779 /* MemeMeTempUITests */,
			);
		};
/* End PBXProject section */

/* Begin PBXResourcesBuildPhase section */
		9CEAAB681CADCAFF00928779 /* Resources */ = {
			isa = PBXResourcesBuildPhase;
			buildActionMask = 2147483647;
			files = (
				9CEAAB781CADCAFF00928779 /* LaunchScreen.storyboard in Resources */,
				9CEAAB751CADCAFF00928779 /* Assets.xcassets in Resources */,
				9CEAAB731CADCAFF00928779 /* Main.storyboard in Resources */,
			);
			runOnlyForDeploymentPostprocessing = 0;
		};
		9CEAAB7C1CADCAFF00928779 /* Resources */ = {
			isa = PBXResourcesBuildPhase;
			buildActionMask = 2147483647;
			files = (
			);
			runOnlyForDeploymentPostprocessing = 0;
		};
		9CEAAB871CADCAFF00928779 /* Resources */ = {
			isa = PBXResourcesBuildPhase;
			buildActionMask = 2147483647;
			files = (
			);
			runOnlyForDeploymentPostprocessing = 0;
		};
/* End PBXResourcesBuildPhase section */

/* Begin PBXSourcesBuildPhase section */
		9CEAAB661CADCAFF00928779 /* Sources */ = {
			isa = PBXSourcesBuildPhase;
			buildActionMask = 2147483647;
			files = (
				9CEAAB701CADCAFF00928779 /* ViewController.swift in Sources */,
				9CEAAB6E1CADCAFF00928779 /* AppDelegate.swift in Sources */,
			);
			runOnlyForDeploymentPostprocessing = 0;
		};
		9CEAAB7A1CADCAFF00928779 /* Sources */ = {
			isa = PBXSourcesBuildPhase;
			buildActionMask = 2147483647;
			files = (
				9CEAAB831CADCAFF00928779 /* MemeMeTempTests.swift in Sources */,
			);
			runOnlyForDeploymentPostprocessing = 0;
		};
		9CEAAB851CADCAFF00928779 /* Sources */ = {
			isa = PBXSourcesBuildPhase;
			buildActionMask = 2147483647;
			files = (
				9CEAAB8E1CADCAFF00928779 /* MemeMeTempUITests.swift in Sources */,
			);
			runOnlyForDeploymentPostprocessing = 0;
		};
/* End PBXSourcesBuildPhase section */

/* Begin PBXTargetDependency section */
		9CEAAB801CADCAFF00928779 /* PBXTargetDependency */ = {
			isa = PBXTargetDependency;
			target = 9CEAAB691CADCAFF00928779 /* MemeMeTemp */;
			targetProxy = 9CEAAB7F1CADCAFF00928779 /* PBXContainerItemProxy */;
		};
		9CEAAB8B1CADCAFF00928779 /* PBXTargetDependency */ = {
			isa = PBXTargetDependency;
			target = 9CEAAB691CADCAFF00928779 /* MemeMeTemp */;
			targetProxy = 9CEAAB8A1CADCAFF00928779 /* PBXContainerItemProxy */;
		};
/* End PBXTargetDependency section */

/* Begin PBXVariantGroup section */
		9CEAAB711CADCAFF00928779 /* Main.storyboard */ = {
			isa = PBXVariantGroup;
			children = (
				9CEAAB721CADCAFF00928779 /* Base */,
			);
			name = Main.storyboard;
			sourceTree = "<group>";
		};
		9CEAAB761CADCAFF00928779 /* LaunchScreen.storyboard */ = {
			isa = PBXVariantGroup;
			children = (
				9CEAAB771CADCAFF00928779 /* Base */,
			);
			name = LaunchScreen.storyboard;
			sourceTree = "<group>";
		};
/* End PBXVariantGroup section */

/* Begin XCBuildConfiguration section */
		9CEAAB901CADCAFF00928779 /* Debug */ = {
			isa = XCBuildConfiguration;
			buildSettings = {
				ALWAYS_SEARCH_USER_PATHS = NO;
				CLANG_CXX_LANGUAGE_STANDARD = "gnu++0x";
				CLANG_CXX_LIBRARY = "libc++";
				CLANG_ENABLE_MODULES = YES;
				CLANG_ENABLE_OBJC_ARC = YES;
				CLANG_WARN_BOOL_CONVERSION = YES;
				CLANG_WARN_CONSTANT_CONVERSION = YES;
				CLANG_WARN_DIRECT_OBJC_ISA_USAGE = YES_ERROR;
				CLANG_WARN_EMPTY_BODY = YES;
				CLANG_WARN_ENUM_CONVERSION = YES;
				CLANG_WARN_INT_CONVERSION = YES;
				CLANG_WARN_OBJC_ROOT_CLASS = YES_ERROR;
				CLANG_WARN_UNREACHABLE_CODE = YES;
				CLANG_WARN__DUPLICATE_METHOD_MATCH = YES;
				"CODE_SIGN_IDENTITY[sdk=iphoneos*]" = "iPhone Developer";
				COPY_PHASE_STRIP = NO;
				DEBUG_INFORMATION_FORMAT = dwarf;
				ENABLE_STRICT_OBJC_MSGSEND = YES;
				ENABLE_TESTABILITY = YES;
				GCC_C_LANGUAGE_STANDARD = gnu99;
				GCC_DYNAMIC_NO_PIC = NO;
				GCC_NO_COMMON_BLOCKS = YES;
				GCC_OPTIMIZATION_LEVEL = 0;
				GCC_PREPROCESSOR_DEFINITIONS = (
					"DEBUG=1",
					"$(inherited)",
				);
				GCC_WARN_64_TO_32_BIT_CONVERSION = YES;
				GCC_WARN_ABOUT_RETURN_TYPE = YES_ERROR;
				GCC_WARN_UNDECLARED_SELECTOR = YES;
				GCC_WARN_UNINITIALIZED_AUTOS = YES_AGGRESSIVE;
				GCC_WARN_UNUSED_FUNCTION = YES;
				GCC_WARN_UNUSED_VARIABLE = YES;
				IPHONEOS_DEPLOYMENT_TARGET = 9.2;
				MTL_ENABLE_DEBUG_INFO = YES;
				ONLY_ACTIVE_ARCH = YES;
				SDKROOT = iphoneos;
				SWIFT_OPTIMIZATION_LEVEL = "-Onone";
			};
			name = Debug;
		};
		9CEAAB911CADCAFF00928779 /* Release */ = {
			isa = XCBuildConfiguration;
			buildSettings = {
				ALWAYS_SEARCH_USER_PATHS = NO;
				CLANG_CXX_LANGUAGE_STANDARD = "gnu++0x";
				CLANG_CXX_LIBRARY = "libc++";
				CLANG_ENABLE_MODULES = YES;
				CLANG_ENABLE_OBJC_ARC = YES;
				CLANG_WARN_BOOL_CONVERSION = YES;
				CLANG_WARN_CONSTANT_CONVERSION = YES;
				CLANG_WARN_DIRECT_OBJC_ISA_USAGE = YES_ERROR;
				CLANG_WARN_EMPTY_BODY = YES;
				CLANG_WARN_ENUM_CONVERSION = YES;
				CLANG_WARN_INT_CONVERSION = YES;
				CLANG_WARN_OBJC_ROOT_CLASS = YES_ERROR;
				CLANG_WARN_UNREACHABLE_CODE = YES;
				CLANG_WARN__DUPLICATE_METHOD_MATCH = YES;
				"CODE_SIGN_IDENTITY[sdk=iphoneos*]" = "iPhone Developer";
				COPY_PHASE_STRIP = NO;
				DEBUG_INFORMATION_FORMAT = "dwarf-with-dsym";
				ENABLE_NS_ASSERTIONS = NO;
				ENABLE_STRICT_OBJC_MSGSEND = YES;
				GCC_C_LANGUAGE_STANDARD = gnu99;
				GCC_NO_COMMON_BLOCKS = YES;
				GCC_WARN_64_TO_32_BIT_CONVERSION = YES;
				GCC_WARN_ABOUT_RETURN_TYPE = YES_ERROR;
				GCC_WARN_UNDECLARED_SELECTOR = YES;
				GCC_WARN_UNINITIALIZED_AUTOS = YES_AGGRESSIVE;
				GCC_WARN_UNUSED_FUNCTION = YES;
				GCC_WARN_UNUSED_VARIABLE = YES;
				IPHONEOS_DEPLOYMENT_TARGET = 9.2;
				MTL_ENABLE_DEBUG_INFO = NO;
				SDKROOT = iphoneos;
				VALIDATE_PRODUCT = YES;
			};
			name = Release;
		};
		9CEAAB931CADCAFF00928779 /* Debug */ = {
			isa = XCBuildConfiguration;
			buildSettings = {
				ASSETCATALOG_COMPILER_APPICON_NAME = AppIcon;
				INFOPLIST_FILE = MemeMeTemp/Info.plist;
				LD_RUNPATH_SEARCH_PATHS = "$(inherited) @executable_path/Frameworks";
				PRODUCT_BUNDLE_IDENTIFIER = com.bellavoceproductions.MemeMeTemp;
				PRODUCT_NAME = "$(TARGET_NAME)";
			};
			name = Debug;
		};
		9CEAAB941CADCAFF00928779 /* Release */ = {
			isa = XCBuildConfiguration;
			buildSettings = {
				ASSETCATALOG_COMPILER_APPICON_NAME = AppIcon;
				INFOPLIST_FILE = MemeMeTemp/Info.plist;
				LD_RUNPATH_SEARCH_PATHS = "$(inherited) @executable_path/Frameworks";
				PRODUCT_BUNDLE_IDENTIFIER = com.bellavoceproductions.MemeMeTemp;
				PRODUCT_NAME = "$(TARGET_NAME)";
			};
			name = Release;
		};
		9CEAAB961CADCAFF00928779 /* Debug */ = {
			isa = XCBuildConfiguration;
			buildSettings = {
				BUNDLE_LOADER = "$(TEST_HOST)";
				INFOPLIST_FILE = MemeMeTempTests/Info.plist;
				LD_RUNPATH_SEARCH_PATHS = "$(inherited) @executable_path/Frameworks @loader_path/Frameworks";
				PRODUCT_BUNDLE_IDENTIFIER = com.bellavoceproductions.MemeMeTempTests;
				PRODUCT_NAME = "$(TARGET_NAME)";
				TEST_HOST = "$(BUILT_PRODUCTS_DIR)/MemeMeTemp.app/MemeMeTemp";
			};
			name = Debug;
		};
		9CEAAB971CADCAFF00928779 /* Release */ = {
			isa = XCBuildConfiguration;
			buildSettings = {
				BUNDLE_LOADER = "$(TEST_HOST)";
				INFOPLIST_FILE = MemeMeTempTests/Info.plist;
				LD_RUNPATH_SEARCH_PATHS = "$(inherited) @executable_path/Frameworks @loader_path/Frameworks";
				PRODUCT_BUNDLE_IDENTIFIER = com.bellavoceproductions.MemeMeTempTests;
				PRODUCT_NAME = "$(TARGET_NAME)";
				TEST_HOST = "$(BUILT_PRODUCTS_DIR)/MemeMeTemp.app/MemeMeTemp";
			};
			name = Release;
		};
		9CEAAB991CADCAFF00928779 /* Debug */ = {
			isa = XCBuildConfiguration;
			buildSettings = {
				INFOPLIST_FILE = MemeMeTempUITests/Info.plist;
				LD_RUNPATH_SEARCH_PATHS = "$(inherited) @executable_path/Frameworks @loader_path/Frameworks";
				PRODUCT_BUNDLE_IDENTIFIER = com.bellavoceproductions.MemeMeTempUITests;
				PRODUCT_NAME = "$(TARGET_NAME)";
				TEST_TARGET_NAME = MemeMeTemp;
				USES_XCTRUNNER = YES;
			};
			name = Debug;
		};
		9CEAAB9A1CADCAFF00928779 /* Release */ = {
			isa = XCBuildConfiguration;
			buildSettings = {
				INFOPLIST_FILE = MemeMeTempUITests/Info.plist;
				LD_RUNPATH_SEARCH_PATHS = "$(inherited) @executable_path/Frameworks @loader_path/Frameworks";
				PRODUCT_BUNDLE_IDENTIFIER = com.bellavoceproductions.MemeMeTempUITests;
				PRODUCT_NAME = "$(TARGET_NAME)";
				TEST_TARGET_NAME = MemeMeTemp;
				USES_XCTRUNNER = YES;
			};
			name = Release;
		};
/* End XCBuildConfiguration section */

/* Begin XCConfigurationList section */
		9CEAAB651CADCAFF00928779 /* Build configuration list for PBXProject "MemeMeTemp" */ = {
			isa = XCConfigurationList;
			buildConfigurations = (
				9CEAAB901CADCAFF00928779 /* Debug */,
				9CEAAB911CADCAFF00928779 /* Release */,
			);
			defaultConfigurationIsVisible = 0;
			defaultConfigurationName = Release;
		};
		9CEAAB921CADCAFF00928779 /* Build configuration list for PBXNativeTarget "MemeMeTemp" */ = {
			isa = XCConfigurationList;
			buildConfigurations = (
				9CEAAB931CADCAFF00928779 /* Debug */,
				9CEAAB941CADCAFF00928779 /* Release */,
			);
			defaultConfigurationIsVisible = 0;
		};
		9CEAAB951CADCAFF00928779 /* Build configuration list for PBXNativeTarget "MemeMeTempTests" */ = {
			isa = XCConfigurationList;
			buildConfigurations = (
				9CEAAB961CADCAFF00928779 /* Debug */,
				9CEAAB971CADCAFF00928779 /* Release */,
			);
			defaultConfigurationIsVisible = 0;
		};
		9CEAAB981CADCAFF00928779 /* Build configuration list for PBXNativeTarget "MemeMeTempUITests" */ = {
			isa = XCConfigurationList;
			buildConfigurations = (
				9CEAAB991CADCAFF00928779 /* Debug */,
				9CEAAB9A1CADCAFF00928779 /* Release */,
			);
			defaultConfigurationIsVisible = 0;
		};
/* End XCConfigurationList section */
	};
	rootObject = 9CEAAB621CADCAFF00928779 /* Project object */;
}
